
Microsoft Visual Studio Solution File, Format Version 12.00
# Visual Studio 2013
VisualStudioVersion = 12.0.30723.0
MinimumVisualStudioVersion = 10.0.40219.1
Project("{2150E333-8FDC-42A3-9474-1A3956D46DE8}") = "BW.Data.Contracts", "BW.Data.Contracts", "{0D3772F6-0182-412F-98C5-56A2F18ED14E}"
EndProject
Project("{2150E333-8FDC-42A3-9474-1A3956D46DE8}") = "BW.DataAccess.Layer", "BW.DataAccess.Layer", "{3862C32E-B8A8-4B21-A8EA-0C566BDDF879}"
EndProject
Project("{2150E333-8FDC-42A3-9474-1A3956D46DE8}") = "BW.Presenter.Layer", "BW.Presenter.Layer", "{5417C8F4-A2C4-4CCA-913E-5EC342D52FE6}"
EndProject
Project("{2150E333-8FDC-42A3-9474-1A3956D46DE8}") = "BW.Services", "BW.Services", "{92D5B83C-CF33-4D62-82CB-F49173F0BD78}"
EndProject
Project("{FAE04EC0-301F-11D3-BF4B-00C04F79EFBC}") = "BW.Common", "BW.Common\BW.Common.csproj", "{C90B9CE2-687D-428C-9B2B-78D8EFDF07EE}"
EndProject
Project("{FAE04EC0-301F-11D3-BF4B-00C04F79EFBC}") = "BW.Data.Contract", "BW.Data.Contracts\BW.Data.Contract\BW.Data.Contract.csproj", "{275DE784-85A0-4BE6-BD71-534D3B8153DE}"
EndProject
Project("{FAE04EC0-301F-11D3-BF4B-00C04F79EFBC}") = "BW.Repository.Data", "BW.DataAccess.Layer\BW.Repository.Data\BW.Repository.Data.csproj", "{44EB771B-A2BB-4223-8E58-0356EDA683AE}"
EndProject
Project("{FAE04EC0-301F-11D3-BF4B-00C04F79EFBC}") = "BW.Website.Common", "BW.Presenter.Layer\BW.Website.Common\BW.Website.Common.csproj", "{13ECDAAB-9F2C-4537-82CA-29E66596F372}"
EndProject
Project("{FAE04EC0-301F-11D3-BF4B-00C04F79EFBC}") = "BW.Services.Api", "BW.Services\BW.Services.Api\BW.Services.Api.csproj", "{8750275A-EA0D-4CCE-BDB9-27743A6A1713}"
EndProject
Project("{FAE04EC0-301F-11D3-BF4B-00C04F79EFBC}") = "BW.WebsiteApp", "BW.Presenter.Layer\BW.WebsiteApp\BW.WebsiteApp.csproj", "{E6D17345-9D68-4C86-8830-D8FAC0C4F8C4}"
EndProject
Global
	GlobalSection(SolutionConfigurationPlatforms) = preSolution
		Debug|Any CPU = Debug|Any CPU
		Release|Any CPU = Release|Any CPU
	EndGlobalSection
	GlobalSection(ProjectConfigurationPlatforms) = postSolution
		{C90B9CE2-687D-428C-9B2B-78D8EFDF07EE}.Debug|Any CPU.ActiveCfg = Debug|Any CPU
		{C90B9CE2-687D-428C-9B2B-78D8EFDF07EE}.Debug|Any CPU.Build.0 = Debug|Any CPU
		{C90B9CE2-687D-428C-9B2B-78D8EFDF07EE}.Release|Any CPU.ActiveCfg = Release|Any CPU
		{C90B9CE2-687D-428C-9B2B-78D8EFDF07EE}.Release|Any CPU.Build.0 = Release|Any CPU
		{275DE784-85A0-4BE6-BD71-534D3B8153DE}.Debug|Any CPU.ActiveCfg = Debug|Any CPU
		{275DE784-85A0-4BE6-BD71-534D3B8153DE}.Debug|Any CPU.Build.0 = Debug|Any CPU
		{275DE784-85A0-4BE6-BD71-534D3B8153DE}.Release|Any CPU.ActiveCfg = Release|Any CPU
		{275DE784-85A0-4BE6-BD71-534D3B8153DE}.Release|Any CPU.Build.0 = Release|Any CPU
		{44EB771B-A2BB-4223-8E58-0356EDA683AE}.Debug|Any CPU.ActiveCfg = Debug|Any CPU
		{44EB771B-A2BB-4223-8E58-0356EDA683AE}.Debug|Any CPU.Build.0 = Debug|Any CPU
		{44EB771B-A2BB-4223-8E58-0356EDA683AE}.Release|Any CPU.ActiveCfg = Release|Any CPU
		{44EB771B-A2BB-4223-8E58-0356EDA683AE}.Release|Any CPU.Build.0 = Release|Any CPU
		{13ECDAAB-9F2C-4537-82CA-29E66596F372}.Debug|Any CPU.ActiveCfg = Debug|Any CPU
		{13ECDAAB-9F2C-4537-82CA-29E66596F372}.Debug|Any CPU.Build.0 = Debug|Any CPU
		{13ECDAAB-9F2C-4537-82CA-29E66596F372}.Release|Any CPU.ActiveCfg = Release|Any CPU
		{13ECDAAB-9F2C-4537-82CA-29E66596F372}.Release|Any CPU.Build.0 = Release|Any CPU
		{8750275A-EA0D-4CCE-BDB9-27743A6A1713}.Debug|Any CPU.ActiveCfg = Debug|Any CPU
		{8750275A-EA0D-4CCE-BDB9-27743A6A1713}.Debug|Any CPU.Build.0 = Debug|Any CPU
		{8750275A-EA0D-4CCE-BDB9-27743A6A1713}.Release|Any CPU.ActiveCfg = Release|Any CPU
		{8750275A-EA0D-4CCE-BDB9-27743A6A1713}.Release|Any CPU.Build.0 = Release|Any CPU
		{E6D17345-9D68-4C86-8830-D8FAC0C4F8C4}.Debug|Any CPU.ActiveCfg = Debug|Any CPU
		{E6D17345-9D68-4C86-8830-D8FAC0C4F8C4}.Debug|Any CPU.Build.0 = Debug|Any CPU
		{E6D17345-9D68-4C86-8830-D8FAC0C4F8C4}.Release|Any CPU.ActiveCfg = Release|Any CPU
		{E6D17345-9D68-4C86-8830-D8FAC0C4F8C4}.Release|Any CPU.Build.0 = Release|Any CPU
	EndGlobalSection
	GlobalSection(SolutionProperties) = preSolution
		HideSolutionNode = FALSE
	EndGlobalSection
	GlobalSection(NestedProjects) = preSolution
		{275DE784-85A0-4BE6-BD71-534D3B8153DE} = {0D3772F6-0182-412F-98C5-56A2F18ED14E}
		{44EB771B-A2BB-4223-8E58-0356EDA683AE} = {3862C32E-B8A8-4B21-A8EA-0C566BDDF879}
		{13ECDAAB-9F2C-4537-82CA-29E66596F372} = {5417C8F4-A2C4-4CCA-913E-5EC342D52FE6}
		{8750275A-EA0D-4CCE-BDB9-27743A6A1713} = {92D5B83C-CF33-4D62-82CB-F49173F0BD78}
		{E6D17345-9D68-4C86-8830-D8FAC0C4F8C4} = {5417C8F4-A2C4-4CCA-913E-5EC342D52FE6}
	EndGlobalSection
EndGlobal
